
Microsoft Visual Studio Solution File, Format Version 12.00
# Visual Studio Version 17
VisualStudioVersion = 17.14.36310.24
MinimumVisualStudioVersion = 10.0.40219.1
Project("{FAE04EC0-301F-11D3-BF4B-00C04F79EFBC}") = "RefDepGuard.Extension", "RefDepGuard.Extension\RefDepGuard.Extension.csproj", "{B40B6D58-EE29-4E81-ADB4-FB46A14796FC}"
EndProject
Project("{FAE04EC0-301F-11D3-BF4B-00C04F79EFBC}") = "RefDepGuard.Console", "RefDepGuard.Console\RefDepGuard.Console.csproj", "{40339FB3-E6AA-4368-B911-C32D99FD2B46}"
EndProject
Project("{FAE04EC0-301F-11D3-BF4B-00C04F79EFBC}") = "RefDepGuard.CheckRules", "RefDepGuard.CheckRules\RefDepGuard.CheckRules.csproj", "{B582CC0C-A005-4619-B503-D6F897D59C97}"
EndProject
Project("{FAE04EC0-301F-11D3-BF4B-00C04F79EFBC}") = "RefDepGuard.TargetFramework", "RefDepGuard.TargetFramework\RefDepGuard.TargetFramework.csproj", "{5B0F018E-846D-49A8-9BAC-8DE1615C24E9}"
EndProject
Project("{FAE04EC0-301F-11D3-BF4B-00C04F79EFBC}") = "RefDepGuard.ConfigFile", "RefDepGuard.ConfigFile\RefDepGuard.ConfigFile.csproj", "{42E28F69-EBFD-467A-A42A-66378BC5BB4F}"
EndProject
Project("{FAE04EC0-301F-11D3-BF4B-00C04F79EFBC}") = "RefDepGuard.Applied", "RefDepGuard.Applied\RefDepGuard.Applied.csproj", "{2B3C4D87-0DAD-49D8-9DC4-8F9831233523}"
EndProject
Project("{D954291E-2A0B-460D-934E-DC6B0785DB48}") = "RefDepGuard.SharedExtension", "RefDepGuard.SharedExtension\RefDepGuard.SharedExtension.shproj", "{4159260A-73DF-4B75-B09D-A743040C2EE7}"
EndProject
Global
	GlobalSection(SolutionConfigurationPlatforms) = preSolution
		Debug|Any CPU = Debug|Any CPU
		Debug|arm64 = Debug|arm64
		Debug|x86 = Debug|x86
		Release|Any CPU = Release|Any CPU
		Release|arm64 = Release|arm64
		Release|x86 = Release|x86
	EndGlobalSection
	GlobalSection(ProjectConfigurationPlatforms) = postSolution
		{B40B6D58-EE29-4E81-ADB4-FB46A14796FC}.Debug|Any CPU.ActiveCfg = Debug|Any CPU
		{B40B6D58-EE29-4E81-ADB4-FB46A14796FC}.Debug|Any CPU.Build.0 = Debug|Any CPU
		{B40B6D58-EE29-4E81-ADB4-FB46A14796FC}.Debug|arm64.ActiveCfg = Debug|arm64
		{B40B6D58-EE29-4E81-ADB4-FB46A14796FC}.Debug|arm64.Build.0 = Debug|arm64
		{B40B6D58-EE29-4E81-ADB4-FB46A14796FC}.Debug|x86.ActiveCfg = Debug|x86
		{B40B6D58-EE29-4E81-ADB4-FB46A14796FC}.Debug|x86.Build.0 = Debug|x86
		{B40B6D58-EE29-4E81-ADB4-FB46A14796FC}.Release|Any CPU.ActiveCfg = Release|Any CPU
		{B40B6D58-EE29-4E81-ADB4-FB46A14796FC}.Release|Any CPU.Build.0 = Release|Any CPU
		{B40B6D58-EE29-4E81-ADB4-FB46A14796FC}.Release|arm64.ActiveCfg = Release|arm64
		{B40B6D58-EE29-4E81-ADB4-FB46A14796FC}.Release|arm64.Build.0 = Release|arm64
		{B40B6D58-EE29-4E81-ADB4-FB46A14796FC}.Release|x86.ActiveCfg = Release|x86
		{B40B6D58-EE29-4E81-ADB4-FB46A14796FC}.Release|x86.Build.0 = Release|x86
		{40339FB3-E6AA-4368-B911-C32D99FD2B46}.Debug|Any CPU.ActiveCfg = Debug|Any CPU
		{40339FB3-E6AA-4368-B911-C32D99FD2B46}.Debug|Any CPU.Build.0 = Debug|Any CPU
		{40339FB3-E6AA-4368-B911-C32D99FD2B46}.Debug|arm64.ActiveCfg = Debug|Any CPU
		{40339FB3-E6AA-4368-B911-C32D99FD2B46}.Debug|arm64.Build.0 = Debug|Any CPU
		{40339FB3-E6AA-4368-B911-C32D99FD2B46}.Debug|x86.ActiveCfg = Debug|Any CPU
		{40339FB3-E6AA-4368-B911-C32D99FD2B46}.Debug|x86.Build.0 = Debug|Any CPU
		{40339FB3-E6AA-4368-B911-C32D99FD2B46}.Release|Any CPU.ActiveCfg = Release|Any CPU
		{40339FB3-E6AA-4368-B911-C32D99FD2B46}.Release|Any CPU.Build.0 = Release|Any CPU
		{40339FB3-E6AA-4368-B911-C32D99FD2B46}.Release|arm64.ActiveCfg = Release|Any CPU
		{40339FB3-E6AA-4368-B911-C32D99FD2B46}.Release|arm64.Build.0 = Release|Any CPU
		{40339FB3-E6AA-4368-B911-C32D99FD2B46}.Release|x86.ActiveCfg = Release|Any CPU
		{40339FB3-E6AA-4368-B911-C32D99FD2B46}.Release|x86.Build.0 = Release|Any CPU
		{B582CC0C-A005-4619-B503-D6F897D59C97}.Debug|Any CPU.ActiveCfg = Debug|Any CPU
		{B582CC0C-A005-4619-B503-D6F897D59C97}.Debug|Any CPU.Build.0 = Debug|Any CPU
		{B582CC0C-A005-4619-B503-D6F897D59C97}.Debug|arm64.ActiveCfg = Debug|Any CPU
		{B582CC0C-A005-4619-B503-D6F897D59C97}.Debug|arm64.Build.0 = Debug|Any CPU
		{B582CC0C-A005-4619-B503-D6F897D59C97}.Debug|x86.ActiveCfg = Debug|Any CPU
		{B582CC0C-A005-4619-B503-D6F897D59C97}.Debug|x86.Build.0 = Debug|Any CPU
		{B582CC0C-A005-4619-B503-D6F897D59C97}.Release|Any CPU.ActiveCfg = Release|Any CPU
		{B582CC0C-A005-4619-B503-D6F897D59C97}.Release|Any CPU.Build.0 = Release|Any CPU
		{B582CC0C-A005-4619-B503-D6F897D59C97}.Release|arm64.ActiveCfg = Release|Any CPU
		{B582CC0C-A005-4619-B503-D6F897D59C97}.Release|arm64.Build.0 = Release|Any CPU
		{B582CC0C-A005-4619-B503-D6F897D59C97}.Release|x86.ActiveCfg = Release|Any CPU
		{B582CC0C-A005-4619-B503-D6F897D59C97}.Release|x86.Build.0 = Release|Any CPU
		{5B0F018E-846D-49A8-9BAC-8DE1615C24E9}.Debug|Any CPU.ActiveCfg = Debug|Any CPU
		{5B0F018E-846D-49A8-9BAC-8DE1615C24E9}.Debug|Any CPU.Build.0 = Debug|Any CPU
		{5B0F018E-846D-49A8-9BAC-8DE1615C24E9}.Debug|arm64.ActiveCfg = Debug|Any CPU
		{5B0F018E-846D-49A8-9BAC-8DE1615C24E9}.Debug|arm64.Build.0 = Debug|Any CPU
		{5B0F018E-846D-49A8-9BAC-8DE1615C24E9}.Debug|x86.ActiveCfg = Debug|Any CPU
		{5B0F018E-846D-49A8-9BAC-8DE1615C24E9}.Debug|x86.Build.0 = Debug|Any CPU
		{5B0F018E-846D-49A8-9BAC-8DE1615C24E9}.Release|Any CPU.ActiveCfg = Release|Any CPU
		{5B0F018E-846D-49A8-9BAC-8DE1615C24E9}.Release|Any CPU.Build.0 = Release|Any CPU
		{5B0F018E-846D-49A8-9BAC-8DE1615C24E9}.Release|arm64.ActiveCfg = Release|Any CPU
		{5B0F018E-846D-49A8-9BAC-8DE1615C24E9}.Release|arm64.Build.0 = Release|Any CPU
		{5B0F018E-846D-49A8-9BAC-8DE1615C24E9}.Release|x86.ActiveCfg = Release|Any CPU
		{5B0F018E-846D-49A8-9BAC-8DE1615C24E9}.Release|x86.Build.0 = Release|Any CPU
		{42E28F69-EBFD-467A-A42A-66378BC5BB4F}.Debug|Any CPU.ActiveCfg = Debug|Any CPU
		{42E28F69-EBFD-467A-A42A-66378BC5BB4F}.Debug|Any CPU.Build.0 = Debug|Any CPU
		{42E28F69-EBFD-467A-A42A-66378BC5BB4F}.Debug|arm64.ActiveCfg = Debug|Any CPU
		{42E28F69-EBFD-467A-A42A-66378BC5BB4F}.Debug|arm64.Build.0 = Debug|Any CPU
		{42E28F69-EBFD-467A-A42A-66378BC5BB4F}.Debug|x86.ActiveCfg = Debug|Any CPU
		{42E28F69-EBFD-467A-A42A-66378BC5BB4F}.Debug|x86.Build.0 = Debug|Any CPU
		{42E28F69-EBFD-467A-A42A-66378BC5BB4F}.Release|Any CPU.ActiveCfg = Release|Any CPU
		{42E28F69-EBFD-467A-A42A-66378BC5BB4F}.Release|Any CPU.Build.0 = Release|Any CPU
		{42E28F69-EBFD-467A-A42A-66378BC5BB4F}.Release|arm64.ActiveCfg = Release|Any CPU
		{42E28F69-EBFD-467A-A42A-66378BC5BB4F}.Release|arm64.Build.0 = Release|Any CPU
		{42E28F69-EBFD-467A-A42A-66378BC5BB4F}.Release|x86.ActiveCfg = Release|Any CPU
		{42E28F69-EBFD-467A-A42A-66378BC5BB4F}.Release|x86.Build.0 = Release|Any CPU
		{2B3C4D87-0DAD-49D8-9DC4-8F9831233523}.Debug|Any CPU.ActiveCfg = Debug|Any CPU
		{2B3C4D87-0DAD-49D8-9DC4-8F9831233523}.Debug|Any CPU.Build.0 = Debug|Any CPU
		{2B3C4D87-0DAD-49D8-9DC4-8F9831233523}.Debug|arm64.ActiveCfg = Debug|Any CPU
		{2B3C4D87-0DAD-49D8-9DC4-8F9831233523}.Debug|arm64.Build.0 = Debug|Any CPU
		{2B3C4D87-0DAD-49D8-9DC4-8F9831233523}.Debug|x86.ActiveCfg = Debug|Any CPU
		{2B3C4D87-0DAD-49D8-9DC4-8F9831233523}.Debug|x86.Build.0 = Debug|Any CPU
		{2B3C4D87-0DAD-49D8-9DC4-8F9831233523}.Release|Any CPU.ActiveCfg = Release|Any CPU
		{2B3C4D87-0DAD-49D8-9DC4-8F9831233523}.Release|Any CPU.Build.0 = Release|Any CPU
		{2B3C4D87-0DAD-49D8-9DC4-8F9831233523}.Release|arm64.ActiveCfg = Release|Any CPU
		{2B3C4D87-0DAD-49D8-9DC4-8F9831233523}.Release|arm64.Build.0 = Release|Any CPU
		{2B3C4D87-0DAD-49D8-9DC4-8F9831233523}.Release|x86.ActiveCfg = Release|Any CPU
		{2B3C4D87-0DAD-49D8-9DC4-8F9831233523}.Release|x86.Build.0 = Release|Any CPU
	EndGlobalSection
	GlobalSection(SolutionProperties) = preSolution
		HideSolutionNode = FALSE
	EndGlobalSection
	GlobalSection(ExtensibilityGlobals) = postSolution
		SolutionGuid = {EE8A29A3-3EB5-4615-9035-14DD02A0DB11}
	EndGlobalSection
	GlobalSection(SharedMSBuildProjectFiles) = preSolution
		RefDepGuard.SharedExtension\RefDepGuard.SharedExtension.projitems*{4159260a-73df-4b75-b09d-a743040c2ee7}*SharedItemsImports = 13
		RefDepGuard.SharedExtension\RefDepGuard.SharedExtension.projitems*{b40b6d58-ee29-4e81-adb4-fb46a14796fc}*SharedItemsImports = 4
	EndGlobalSection
EndGlobal
